Microsoft Visual Studio Solution File, Format Version 12.00
# Visual Studio Version 17
VisualStudioVersion = 17.11.35327.3
MinimumVisualStudioVersion = 10.0.40219.1
Project("{9A19103F-16F7-4668-BE54-9A1E7A4F7556}") = "ClubberAI.AppHost", "ClubberAI.AppHost\ClubberAI.AppHost.csproj", "{C8EED6F1-50B3-4AB6-97DB-B34ACC783E42}"
EndProject
Project("{9A19103F-16F7-4668-BE54-9A1E7A4F7556}") = "ClubberAI.ServiceDefaults", "ClubberAI.ServiceDefaults\ClubberAI.ServiceDefaults.csproj", "{6BD6EACE-5A56-47BD-950E-A3A7869068BA}"
EndProject
Project("{9A19103F-16F7-4668-BE54-9A1E7A4F7556}") = "ClubberAI.ApiService", "ClubberAI.ApiService\ClubberAI.ApiService.csproj", "{4686DD14-9107-4EF7-833D-927BBABB7AA4}"
EndProject
Project("{9A19103F-16F7-4668-BE54-9A1E7A4F7556}") = "ClubberAI.Web", "ClubberAI.Web\ClubberAI.Web.csproj", "{F05F0103-E5A7-4159-A4DD-83B6349229AF}"
EndProject
Project("{9A19103F-16F7-4668-BE54-9A1E7A4F7556}") = "ClubberAI.Tests", "ClubberAI.Tests\ClubberAI.Tests.csproj", "{84697899-A74F-4641-8CF0-6221E66FA557}"
EndProject
Project("{9092AA53-FB77-4645-B42D-1CCCA6BD08BD}") = "ClubberAI.TokenService", "ClubberAI.TokenService\ClubberAI.TokenService.njsproj", "{A7A0F113-94B1-47E6-8D2F-B608EBDCFFCE}"
EndProject
Global
	GlobalSection(SolutionConfigurationPlatforms) = preSolution
		Debug|Any CPU = Debug|Any CPU
		Release|Any CPU = Release|Any CPU
	EndGlobalSection
	GlobalSection(ProjectConfigurationPlatforms) = postSolution
		{C8EED6F1-50B3-4AB6-97DB-B34ACC783E42}.Debug|Any CPU.ActiveCfg = Debug|Any CPU
		{C8EED6F1-50B3-4AB6-97DB-B34ACC783E42}.Debug|Any CPU.Build.0 = Debug|Any CPU
		{C8EED6F1-50B3-4AB6-97DB-B34ACC783E42}.Release|Any CPU.ActiveCfg = Release|Any CPU
		{C8EED6F1-50B3-4AB6-97DB-B34ACC783E42}.Release|Any CPU.Build.0 = Release|Any CPU
		{6BD6EACE-5A56-47BD-950E-A3A7869068BA}.Debug|Any CPU.ActiveCfg = Debug|Any CPU
		{6BD6EACE-5A56-47BD-950E-A3A7869068BA}.Debug|Any CPU.Build.0 = Debug|Any CPU
		{6BD6EACE-5A56-47BD-950E-A3A7869068BA}.Release|Any CPU.ActiveCfg = Release|Any CPU
		{6BD6EACE-5A56-47BD-950E-A3A7869068BA}.Release|Any CPU.Build.0 = Release|Any CPU
		{4686DD14-9107-4EF7-833D-927BBABB7AA4}.Debug|Any CPU.ActiveCfg = Debug|Any CPU
		{4686DD14-9107-4EF7-833D-927BBABB7AA4}.Debug|Any CPU.Build.0 = Debug|Any CPU
		{4686DD14-9107-4EF7-833D-927BBABB7AA4}.Release|Any CPU.ActiveCfg = Release|Any CPU
		{4686DD14-9107-4EF7-833D-927BBABB7AA4}.Release|Any CPU.Build.0 = Release|Any CPU
		{F05F0103-E5A7-4159-A4DD-83B6349229AF}.Debug|Any CPU.ActiveCfg = Debug|Any CPU
		{F05F0103-E5A7-4159-A4DD-83B6349229AF}.Debug|Any CPU.Build.0 = Debug|Any CPU
		{F05F0103-E5A7-4159-A4DD-83B6349229AF}.Release|Any CPU.ActiveCfg = Release|Any CPU
		{F05F0103-E5A7-4159-A4DD-83B6349229AF}.Release|Any CPU.Build.0 = Release|Any CPU
		{84697899-A74F-4641-8CF0-6221E66FA557}.Debug|Any CPU.ActiveCfg = Debug|Any CPU
		{84697899-A74F-4641-8CF0-6221E66FA557}.Debug|Any CPU.Build.0 = Debug|Any CPU
		{84697899-A74F-4641-8CF0-6221E66FA557}.Release|Any CPU.ActiveCfg = Release|Any CPU
		{84697899-A74F-4641-8CF0-6221E66FA557}.Release|Any CPU.Build.0 = Release|Any CPU
		{A7A0F113-94B1-47E6-8D2F-B608EBDCFFCE}.Debug|Any CPU.ActiveCfg = Debug|Any CPU
		{A7A0F113-94B1-47E6-8D2F-B608EBDCFFCE}.Debug|Any CPU.Build.0 = Debug|Any CPU
		{A7A0F113-94B1-47E6-8D2F-B608EBDCFFCE}.Release|Any CPU.ActiveCfg = Release|Any CPU
		{A7A0F113-94B1-47E6-8D2F-B608EBDCFFCE}.Release|Any CPU.Build.0 = Release|Any CPU
	EndGlobalSection
	GlobalSection(SolutionProperties) = preSolution
		HideSolutionNode = FALSE
	EndGlobalSection
	GlobalSection(ExtensibilityGlobals) = postSolution
		SolutionGuid = {CBA992F1-AA8D-4CC3-B8F5-79A0093D4924}
	EndGlobalSection
EndGlobal
